<?xml version="1.0" encoding="UTF-8" standalone="yes" ?>
<CodeBlocks_project_file>
	<FileVersion major="1" minor="6" />
	<Project>
		<Option title="Wirtualny-ekosystem" />
		<Option pch_mode="2" />
		<Option compiler="gcc" />
		<Build>
			<Target title="Debug">
				<Option output="bin/Debug/Wirtualny-ekosystem" prefix_auto="1" extension_auto="1" />
				<Option object_output="obj/Debug/" />
				<Option type="1" />
				<Option compiler="gcc" />
				<Compiler>
					<Add option="-g" />
				</Compiler>
			</Target>
			<Target title="Release">
				<Option output="bin/Release/Wirtualny-ekosystem" prefix_auto="1" extension_auto="1" />
				<Option object_output="obj/Release/" />
				<Option type="1" />
				<Option compiler="gcc" />
				<Compiler>
					<Add option="-O2" />
				</Compiler>
				<Linker>
					<Add option="-s" />
					<Add option="-static-libgcc" />
					<Add option="-static-libstdc++" />
					<Add option="-static" />
				</Linker>
			</Target>
		</Build>
		<Compiler>
			<Add option="-Wall" />
			<Add option="-fexceptions" />
			<Add directory="include" />
		</Compiler>
		<Linker>
			<Add library="lib/PDCurses.a" />
		</Linker>
		<Unit filename=".gitignore" />
		<Unit filename="IIST2.5Programowanie_obiektowe_w_C++_lab_tylko_projekt.pdf" />
		<Unit filename="Makefile" />
		<Unit filename="README.md" />
		<Unit filename="include/curses.h" />
		<Unit filename="include/generatorLosowy.h" />
		<Unit filename="include/klasa.h" />
		<Unit filename="include/mieszkaniec.h" />
		<Unit filename="include/nisza.h" />
		<Unit filename="include/organizm.h" />
		<Unit filename="include/osobniki.h" />
		<Unit filename="include/sasiedztwo.h" />
		<Unit filename="include/srodowisko.h" />
		<Unit filename="include/ustawienia.h" />
		<Unit filename="src/GeneratorLosowy.cpp" />
		<Unit filename="src/main.cpp" />
		<Unit filename="src/mieszkaniec.cpp" />
		<Unit filename="src/nisza.cpp" />
		<Unit filename="src/organizm.cpp" />
		<Unit filename="src/osobniki.cpp" />
		<Unit filename="src/rysuj3d.cpp" />
		<Unit filename="src/sasiedztwo.cpp" />
		<Unit filename="src/srodowisko.cpp" />
		<Extensions>
			<lib_finder disable_auto="1" />
		</Extensions>
	</Project>
</CodeBlocks_project_file>
